hash: dfc4eed644e2a0701cf39acbbbcb4448c66ff99fbe657909e7307b9759a683a9
updated: 2017-09-10T13:34:26.122079134+02:00
imports:
- name: github.com/codegangsta/gin
  version: 9ba699191d209550053612796f2181e6ae352585
- name: github.com/mitchellh/gox
  version: 54b619477e8932bbb6314644c867e7e6db7a9c71
- name: github.com/spf13/cobra
  version: b78744579491c1ceeaaa3b40205e56b0591b93a3
  subpackages:
  - cobra
testImports: []
